
Microsoft Visual Studio Solution File, Format Version 12.00
# Visual Studio Version 17
VisualStudioVersion = 17.9.34723.18
MinimumVisualStudioVersion = 10.0.40219.1
Project("{FAE04EC0-301F-11D3-BF4B-00C04F79EFBC}") = "GuessNumber", "GuessNumber\GuessNumber.csproj", "{DEA6F441-0849-4783-9EB5-5290B3B4DB89}"
EndProject
Global
	GlobalSection(SolutionConfigurationPlatforms) = preSolution
		Debug|Any CPU = Debug|Any CPU
		Release|Any CPU = Release|Any CPU
	EndGlobalSection
	GlobalSection(ProjectConfigurationPlatforms) = postSolution
		{DEA6F441-0849-4783-9EB5-5290B3B4DB89}.Debug|Any CPU.ActiveCfg = Debug|Any CPU
		{DEA6F441-0849-4783-9EB5-5290B3B4DB89}.Debug|Any CPU.Build.0 = Debug|Any CPU
		{DEA6F441-0849-4783-9EB5-5290B3B4DB89}.Release|Any CPU.ActiveCfg = Release|Any CPU
		{DEA6F441-0849-4783-9EB5-5290B3B4DB89}.Release|Any CPU.Build.0 = Release|Any CPU
	EndGlobalSection
	GlobalSection(SolutionProperties) = preSolution
		HideSolutionNode = FALSE
	EndGlobalSection
	GlobalSection(ExtensibilityGlobals) = postSolution
		SolutionGuid = {0980A3E3-5308-437B-8A2B-79A488D1AB6A}
	EndGlobalSection
EndGlobal
